
Microsoft Visual Studio Solution File, Format Version 12.00
# Visual Studio Version 16
VisualStudioVersion = 16.0.32630.195
MinimumVisualStudioVersion = 10.0.40219.1
Project("{FAE04EC0-301F-11D3-BF4B-00C04F79EFBC}") = "ConsoleApp2", "ConsoleApp2\ConsoleApp2.csproj", "{BEB5AFC6-074F-4C57-86BF-3581F596737D}"
EndProject
Global
	GlobalSection(SolutionConfigurationPlatforms) = preSolution
		Debug|Any CPU = Debug|Any CPU
		Release|Any CPU = Release|Any CPU
	EndGlobalSection
	GlobalSection(ProjectConfigurationPlatforms) = postSolution
		{BEB5AFC6-074F-4C57-86BF-3581F596737D}.Debug|Any CPU.ActiveCfg = Debug|Any CPU
		{BEB5AFC6-074F-4C57-86BF-3581F596737D}.Debug|Any CPU.Build.0 = Debug|Any CPU
		{BEB5AFC6-074F-4C57-86BF-3581F596737D}.Release|Any CPU.ActiveCfg = Release|Any CPU
		{BEB5AFC6-074F-4C57-86BF-3581F596737D}.Release|Any CPU.Build.0 = Release|Any CPU
	EndGlobalSection
	GlobalSection(SolutionProperties) = preSolution
		HideSolutionNode = FALSE
	EndGlobalSection
	GlobalSection(ExtensibilityGlobals) = postSolution
		SolutionGuid = {359E5A88-8061-4738-A94A-6729A1CD731C}
	EndGlobalSection
EndGlobal
