
Microsoft Visual Studio Solution File, Format Version 12.00
# Visual Studio Version 16
VisualStudioVersion = 16.0.32630.195
MinimumVisualStudioVersion = 10.0.40219.1
Project("{FAE04EC0-301F-11D3-BF4B-00C04F79EFBC}") = "act.2", "act.2\act.2.csproj", "{3CBC8EC5-3EB0-4392-A689-F0427F4E643C}"
EndProject
Global
	GlobalSection(SolutionConfigurationPlatforms) = preSolution
		Debug|Any CPU = Debug|Any CPU
		Release|Any CPU = Release|Any CPU
	EndGlobalSection
	GlobalSection(ProjectConfigurationPlatforms) = postSolution
		{3CBC8EC5-3EB0-4392-A689-F0427F4E643C}.Debug|Any CPU.ActiveCfg = Debug|Any CPU
		{3CBC8EC5-3EB0-4392-A689-F0427F4E643C}.Debug|Any CPU.Build.0 = Debug|Any CPU
		{3CBC8EC5-3EB0-4392-A689-F0427F4E643C}.Release|Any CPU.ActiveCfg = Release|Any CPU
		{3CBC8EC5-3EB0-4392-A689-F0427F4E643C}.Release|Any CPU.Build.0 = Release|Any CPU
	EndGlobalSection
	GlobalSection(SolutionProperties) = preSolution
		HideSolutionNode = FALSE
	EndGlobalSection
	GlobalSection(ExtensibilityGlobals) = postSolution
		SolutionGuid = {94BA7157-E1CF-4737-9FBB-08ED9DB55BA6}
	EndGlobalSection
EndGlobal
