
Microsoft Visual Studio Solution File, Format Version 12.00
# Visual Studio Version 16
VisualStudioVersion = 16.0.32630.195
MinimumVisualStudioVersion = 10.0.40219.1
Project("{FAE04EC0-301F-11D3-BF4B-00C04F79EFBC}") = "ejercicio4", "ejercicio4\ejercicio4.csproj", "{D182892E-8466-4D93-99F3-47FF5ADBEF34}"
EndProject
Global
	GlobalSection(SolutionConfigurationPlatforms) = preSolution
		Debug|Any CPU = Debug|Any CPU
		Release|Any CPU = Release|Any CPU
	EndGlobalSection
	GlobalSection(ProjectConfigurationPlatforms) = postSolution
		{D182892E-8466-4D93-99F3-47FF5ADBEF34}.Debug|Any CPU.ActiveCfg = Debug|Any CPU
		{D182892E-8466-4D93-99F3-47FF5ADBEF34}.Debug|Any CPU.Build.0 = Debug|Any CPU
		{D182892E-8466-4D93-99F3-47FF5ADBEF34}.Release|Any CPU.ActiveCfg = Release|Any CPU
		{D182892E-8466-4D93-99F3-47FF5ADBEF34}.Release|Any CPU.Build.0 = Release|Any CPU
	EndGlobalSection
	GlobalSection(SolutionProperties) = preSolution
		HideSolutionNode = FALSE
	EndGlobalSection
	GlobalSection(ExtensibilityGlobals) = postSolution
		SolutionGuid = {76D09768-D9D7-4179-9B9E-591D513C3EFA}
	EndGlobalSection
EndGlobal
