
Microsoft Visual Studio Solution File, Format Version 12.00
# Visual Studio Version 16
VisualStudioVersion = 16.0.32630.195
MinimumVisualStudioVersion = 10.0.40219.1
Project("{FAE04EC0-301F-11D3-BF4B-00C04F79EFBC}") = "semana9", "semana9\semana9.csproj", "{A233E61C-ED51-495D-8DDF-34450E9CECF2}"
EndProject
Global
	GlobalSection(SolutionConfigurationPlatforms) = preSolution
		Debug|Any CPU = Debug|Any CPU
		Release|Any CPU = Release|Any CPU
	EndGlobalSection
	GlobalSection(ProjectConfigurationPlatforms) = postSolution
		{A233E61C-ED51-495D-8DDF-34450E9CECF2}.Debug|Any CPU.ActiveCfg = Debug|Any CPU
		{A233E61C-ED51-495D-8DDF-34450E9CECF2}.Debug|Any CPU.Build.0 = Debug|Any CPU
		{A233E61C-ED51-495D-8DDF-34450E9CECF2}.Release|Any CPU.ActiveCfg = Release|Any CPU
		{A233E61C-ED51-495D-8DDF-34450E9CECF2}.Release|Any CPU.Build.0 = Release|Any CPU
	EndGlobalSection
	GlobalSection(SolutionProperties) = preSolution
		HideSolutionNode = FALSE
	EndGlobalSection
	GlobalSection(ExtensibilityGlobals) = postSolution
		SolutionGuid = {8F3C2826-5455-4C6B-8C4A-BB654526B729}
	EndGlobalSection
EndGlobal
